// !$*UTF8*$!
{
	archiveVersion = 1;
	classes = {
	};
	objectVersion = 46;
	objects = {

/* Begin PBXBuildFile section */
		3B14C6D21F5E48C000B52C8F /* AppDelegate.swift in Sources */ = {isa = PBXBuildFile; fileRef = 3B14C6D11F5E48C000B52C8F /* AppDelegate.swift */; };
		3B14C6D41F5E48C000B52C8F /* ViewController.swift in Sources */ = {isa = PBXBuildFile; fileRef = 3B14C6D31F5E48C000B52C8F /* ViewController.swift */; };
		3B14C6D71F5E48C000B52C8F /* Main.storyboard in Resources */ = {isa = PBXBuildFile; fileRef = 3B14C6D51F5E48C000B52C8F /* Main.storyboard */; };
		3B14C6D91F5E48C000B52C8F /* Assets.xcassets in Resources */ = {isa = PBXBuildFile; fileRef = 3B14C6D81F5E48C000B52C8F /* Assets.xcassets */; };
		3B14C6DC1F5E48C000B52C8F /* LaunchScreen.storyboard in Resources */ = {isa = PBXBuildFile; fileRef = 3B14C6DA1F5E48C000B52C8F /* LaunchScreen.storyboard */; };
		8D8C5192AE3E41012A622D27 /* Pods_EndlessWork.framework in Frameworks */ = {isa = PBXBuildFile; fileRef = F092EEC51983D7F9A5083E2E /* Pods_EndlessWork.framework */; };
/* End PBXBuildFile section */

/* Begin PBXFileReference section */
		3B14C6CE1F5E48C000B52C8F /* EndlessWork.app */ = {isa = PBXFileReference; explicitFileType = wrapper.application; includeInIndex = 0; path = EndlessWork.app; sourceTree = BUILT_PRODUCTS_DIR; };
		3B14C6D11F5E48C000B52C8F /* AppDelegate.swift */ = {isa = PBXFileReference; lastKnownFileType = sourcecode.swift; path = AppDelegate.swift; sourceTree = "<group>"; };
		3B14C6D31F5E48C000B52C8F /* ViewController.swift */ = {isa = PBXFileReference; lastKnownFileType = sourcecode.swift; path = ViewController.swift; sourceTree = "<group>"; };
		3B14C6D61F5E48C000B52C8F /* Base */ = {isa = PBXFileReference; lastKnownFileType = file.storyboard; name = Base; path = Base.lproj/Main.storyboard; sourceTree = "<group>"; };
		3B14C6D81F5E48C000B52C8F /* Assets.xcassets */ = {isa = PBXFileReference; lastKnownFileType = folder.assetcatalog; path = Assets.xcassets; sourceTree = "<group>"; };
		3B14C6DB1F5E48C000B52C8F /* Base */ = {isa = PBXFileReference; lastKnownFileType = file.storyboard; name = Base; path = Base.lproj/LaunchScreen.storyboard; sourceTree = "<group>"; };
		3B14C6DD1F5E48C000B52C8F /* Info.plist */ = {isa = PBXFileReference; lastKnownFileType = text.plist.xml; path = Info.plist; sourceTree = "<group>"; };
		6B8C3DB01AE16B1E2C83467C /* Pods-EndlessWork.release.xcconfig */ = {isa = PBXFileReference; includeInIndex = 1; lastKnownFileType = text.xcconfig; name = "Pods-EndlessWork.release.xcconfig"; path = "Pods/Target Support Files/Pods-EndlessWork/Pods-EndlessWork.release.xcconfig"; sourceTree = "<group>"; };
		9A74F2ED14357DA0D456D6A5 /* Pods-EndlessWork.debug.xcconfig */ = {isa = PBXFileReference; includeInIndex = 1; lastKnownFileType = text.xcconfig; name = "Pods-EndlessWork.debug.xcconfig"; path = "Pods/Target Support Files/Pods-EndlessWork/Pods-EndlessWork.debug.xcconfig"; sourceTree = "<group>"; };
		F092EEC51983D7F9A5083E2E /* Pods_EndlessWork.framework */ = {isa = PBXFileReference; explicitFileType = wrapper.framework; includeInIndex = 0; path = Pods_EndlessWork.framework; sourceTree = BUILT_PRODUCTS_DIR; };
/* End PBXFileReference section */

/* Begin PBXFrameworksBuildPhase section */
		3B14C6CB1F5E48C000B52C8F /* Frameworks */ = {
			isa = PBXFrameworksBuildPhase;
			buildActionMask = 2147483647;
			files = (
				8D8C5192AE3E41012A622D27 /* Pods_EndlessWork.framework in Frameworks */,
			);
			runOnlyForDeploymentPostprocessing = 0;
		};
/* End PBXFrameworksBuildPhase section */

/* Begin PBXGroup section */
		3B14C6C51F5E48C000B52C8F = {
			isa = PBXGroup;
			children = (
				3B14C6D01F5E48C000B52C8F /* EndlessWork */,
				3B14C6CF1F5E48C000B52C8F /* Products */,
				C892D74D2B4C806A81ED1D73 /* Pods */,
				F1BE054E8903AC104EBBA4A0 /* Frameworks */,
			);
			sourceTree = "<group>";
		};
		3B14C6CF1F5E48C000B52C8F /* Products */ = {
			isa = PBXGroup;
			children = (
				3B14C6CE1F5E48C000B52C8F /* EndlessWork.app */,
			);
			name = Products;
			sourceTree = "<group>";
		};
		3B14C6D01F5E48C000B52C8F /* EndlessWork */ = {
			isa = PBXGroup;
			children = (
				3B14C6D11F5E48C000B52C8F /* AppDelegate.swift */,
				3B14C6D31F5E48C000B52C8F /* ViewController.swift */,
				3B14C6D51F5E48C000B52C8F /* Main.storyboard */,
				3B14C6D81F5E48C000B52C8F /* Assets.xcassets */,
				3B14C6DA1F5E48C000B52C8F /* LaunchScreen.storyboard */,
				3B14C6DD1F5E48C000B52C8F /* Info.plist */,
			);
			path = EndlessWork;
			sourceTree = "<group>";
		};
		C892D74D2B4C806A81ED1D73 /* Pods */ = {
			isa = PBXGroup;
			children = (
				9A74F2ED14357DA0D456D6A5 /* Pods-EndlessWork.debug.xcconfig */,
				6B8C3DB01AE16B1E2C83467C /* Pods-EndlessWork.release.xcconfig */,
			);
			name = Pods;
			sourceTree = "<group>";
		};
		F1BE054E8903AC104EBBA4A0 /* Frameworks */ = {
			isa = PBXGroup;
			children = (
				F092EEC51983D7F9A5083E2E /* Pods_EndlessWork.framework */,
			);
			name = Frameworks;
			sourceTree = "<group>";
		};
/* End PBXGroup section */

/* Begin PBXNativeTarget section */
		3B14C6CD1F5E48C000B52C8F /* EndlessWork */ = {
			isa = PBXNativeTarget;
			buildConfigurationList = 3B14C6E01F5E48C000B52C8F /* Build configuration list for PBXNativeTarget "EndlessWork" */;
			buildPhases = (
				00697CDE0C836B95065A9967 /* [CP] Check Pods Manifest.lock */,
				3B14C6CA1F5E48C000B52C8F /* Sources */,
				3B14C6CB1F5E48C000B52C8F /* Frameworks */,
				3B14C6CC1F5E48C000B52C8F /* Resources */,
				0580FB0D67B1F0A860DEB956 /* [CP] Embed Pods Frameworks */,
				046970B13F8E198DC998EBBB /* [CP] Copy Pods Resources */,
			);
			buildRules = (
			);
			dependencies = (
			);
			name = EndlessWork;
			productName = EndlessWork;
			productReference = 3B14C6CE1F5E48C000B52C8F /* EndlessWork.app */;
			productType = "com.apple.product-type.application";
		};
/* End PBXNativeTarget section */

/* Begin PBXProject section */
		3B14C6C61F5E48C000B52C8F /* Project object */ = {
			isa = PBXProject;
			attributes = {
				LastSwiftUpdateCheck = 0830;
				LastUpgradeCheck = 0830;
				ORGANIZATIONNAME = WangXun;
				TargetAttributes = {
					3B14C6CD1F5E48C000B52C8F = {
						CreatedOnToolsVersion = 8.3.3;
						ProvisioningStyle = Automatic;
					};
				};
			};
			buildConfigurationList = 3B14C6C91F5E48C000B52C8F /* Build configuration list for PBXProject "EndlessWork" */;
			compatibilityVersion = "Xcode 3.2";
			developmentRegion = English;
			hasScannedForEncodings = 0;
			knownRegions = (
				en,
				Base,
			);
			mainGroup = 3B14C6C51F5E48C000B52C8F;
			productRefGroup = 3B14C6CF1F5E48C000B52C8F /* Products */;
			projectDirPath = "";
			projectRoot = "";
			targets = (
				3B14C6CD1F5E48C000B52C8F /* EndlessWork */,
			);
		};
/* End PBXProject section */

/* Begin PBXResourcesBuildPhase section */
		3B14C6CC1F5E48C000B52C8F /* Resources */ = {
			isa = PBXResourcesBuildPhase;
			buildActionMask = 2147483647;
			files = (
				3B14C6DC1F5E48C000B52C8F /* LaunchScreen.storyboard in Resources */,
				3B14C6D91F5E48C000B52C8F /* Assets.xcassets in Resources */,
				3B14C6D71F5E48C000B52C8F /* Main.storyboard in Resources */,
			);
			runOnlyForDeploymentPostprocessing = 0;
		};
/* End PBXResourcesBuildPhase section */

/* Begin PBXShellScriptBuildPhase section */
		00697CDE0C836B95065A9967 /* [CP] Check Pods Manifest.lock */ = {
			isa = PBXShellScriptBuildPhase;
			buildActionMask = 2147483647;
			files = (
			);
			inputPaths = (
				"${PODS_PODFILE_DIR_PATH}/Podfile.lock",
				"${PODS_ROOT}/Manifest.lock",
			);
			name = "[CP] Check Pods Manifest.lock";
			outputPaths = (
				"$(DERIVED_FILE_DIR)/Pods-EndlessWork-checkManifestLockResult.txt",
			);
			runOnlyForDeploymentPostprocessing = 0;
			shellPath = /bin/sh;
			shellScript = "diff \"${PODS_PODFILE_DIR_PATH}/Podfile.lock\" \"${PODS_ROOT}/Manifest.lock\" > /dev/null\nif [ $? != 0 ] ; then\n    # print error to STDERR\n    echo \"error: The sandbox is not in sync with the Podfile.lock. Run 'pod install' or update your CocoaPods installation.\" >&2\n    exit 1\nfi\n# This output is used by Xcode 'outputs' to avoid re-running this script phase.\necho \"SUCCESS\" > \"${SCRIPT_OUTPUT_FILE_0}\"\n";
			showEnvVarsInLog = 0;
		};
		046970B13F8E198DC998EBBB /* [CP] Copy Pods Resources */ = {
			isa = PBXShellScriptBuildPhase;
			buildActionMask = 2147483647;
			files = (
			);
			inputPaths = (
			);
			name = "[CP] Copy Pods Resources";
			outputPaths = (
			);
			runOnlyForDeploymentPostprocessing = 0;
			shellPath = /bin/sh;
			shellScript = "\"${SRCROOT}/Pods/Target Support Files/Pods-EndlessWork/Pods-EndlessWork-resources.sh\"\n";
			showEnvVarsInLog = 0;
		};
		0580FB0D67B1F0A860DEB956 /* [CP] Embed Pods Frameworks */ = {
			isa = PBXShellScriptBuildPhase;
			buildActionMask = 2147483647;
			files = (
			);
			inputPaths = (
				"${SRCROOT}/Pods/Target Support Files/Pods-EndlessWork/Pods-EndlessWork-frameworks.sh",
				"${BUILT_PRODUCTS_DIR}/Alamofire/Alamofire.framework",
				"${BUILT_PRODUCTS_DIR}/FMDB/FMDB.framework",
				"${BUILT_PRODUCTS_DIR}/HandyJSON/HandyJSON.framework",
				"${BUILT_PRODUCTS_DIR}/MBProgressHUD/MBProgressHUD.framework",
				"${BUILT_PRODUCTS_DIR}/MGJRouter/MGJRouter.framework",
				"${BUILT_PRODUCTS_DIR}/PromiseKit/PromiseKit.framework",
				"${BUILT_PRODUCTS_DIR}/RxCocoa/RxCocoa.framework",
				"${BUILT_PRODUCTS_DIR}/RxSwift/RxSwift.framework",
				"${BUILT_PRODUCTS_DIR}/SwiftyJSON/SwiftyJSON.framework",
			);
			name = "[CP] Embed Pods Frameworks";
			outputPaths = (
				"${TARGET_BUILD_DIR}/${FRAMEWORKS_FOLDER_PATH}/Alamofire.framework",
				"${TARGET_BUILD_DIR}/${FRAMEWORKS_FOLDER_PATH}/FMDB.framework",
				"${TARGET_BUILD_DIR}/${FRAMEWORKS_FOLDER_PATH}/HandyJSON.framework",
				"${TARGET_BUILD_DIR}/${FRAMEWORKS_FOLDER_PATH}/MBProgressHUD.framework",
				"${TARGET_BUILD_DIR}/${FRAMEWORKS_FOLDER_PATH}/MGJRouter.framework",
				"${TARGET_BUILD_DIR}/${FRAMEWORKS_FOLDER_PATH}/PromiseKit.framework",
				"${TARGET_BUILD_DIR}/${FRAMEWORKS_FOLDER_PATH}/RxCocoa.framework",
				"${TARGET_BUILD_DIR}/${FRAMEWORKS_FOLDER_PATH}/RxSwift.framework",
				"${TARGET_BUILD_DIR}/${FRAMEWORKS_FOLDER_PATH}/SwiftyJSON.framework",
			);
			runOnlyForDeploymentPostprocessing = 0;
			shellPath = /bin/sh;
			shellScript = "\"${SRCROOT}/Pods/Target Support Files/Pods-EndlessWork/Pods-EndlessWork-frameworks.sh\"\n";
			showEnvVarsInLog = 0;
		};
/* End PBXShellScriptBuildPhase section */

/* Begin PBXSourcesBuildPhase section */
		3B14C6CA1F5E48C000B52C8F /* Sources */ = {
			isa = PBXSourcesBuildPhase;
			buildActionMask = 2147483647;
			files = (
				3B14C6D41F5E48C000B52C8F /* ViewController.swift in Sources */,
				3B14C6D21F5E48C000B52C8F /* AppDelegate.swift in Sources */,
			);
			runOnlyForDeploymentPostprocessing = 0;
		};
/* End PBXSourcesBuildPhase section */

/* Begin PBXVariantGroup section */
		3B14C6D51F5E48C000B52C8F /* Main.storyboard */ = {
			isa = PBXVariantGroup;
			children = (
				3B14C6D61F5E48C000B52C8F /* Base */,
			);
			name = Main.storyboard;
			sourceTree = "<group>";
		};
		3B14C6DA1F5E48C000B52C8F /* LaunchScreen.storyboard */ = {
			isa = PBXVariantGroup;
			children = (
				3B14C6DB1F5E48C000B52C8F /* Base */,
			);
			name = LaunchScreen.storyboard;
			sourceTree = "<group>";
		};
/* End PBXVariantGroup section */

/* Begin XCBuildConfiguration section */
		3B14C6DE1F5E48C000B52C8F /* Debug */ = {
			isa = XCBuildConfiguration;
			buildSettings = {
				ALWAYS_SEARCH_USER_PATHS = NO;
				CLANG_ANALYZER_NONNULL = YES;
				CLANG_ANALYZER_NUMBER_OBJECT_CONVERSION = YES_AGGRESSIVE;
				CLANG_CXX_LANGUAGE_STANDARD = "gnu++0x";
				CLANG_CXX_LIBRARY = "libc++";
				CLANG_ENABLE_MODULES = YES;
				CLANG_ENABLE_OBJC_ARC = YES;
				CLANG_WARN_BOOL_CONVERSION = YES;
				CLANG_WARN_CONSTANT_CONVERSION = YES;
				CLANG_WARN_DIRECT_OBJC_ISA_USAGE = YES_ERROR;
				CLANG_WARN_DOCUMENTATION_COMMENTS = YES;
				CLANG_WARN_EMPTY_BODY = YES;
				CLANG_WARN_ENUM_CONVERSION = YES;
				CLANG_WARN_INFINITE_RECURSION = YES;
				CLANG_WARN_INT_CONVERSION = YES;
				CLANG_WARN_OBJC_ROOT_CLASS = YES_ERROR;
				CLANG_WARN_SUSPICIOUS_MOVE = YES;
				CLANG_WARN_UNREACHABLE_CODE = YES;
				CLANG_WARN__DUPLICATE_METHOD_MATCH = YES;
				"CODE_SIGN_IDENTITY[sdk=iphoneos*]" = "iPhone Developer";
				COPY_PHASE_STRIP = NO;
				DEBUG_INFORMATION_FORMAT = dwarf;
				ENABLE_STRICT_OBJC_MSGSEND = YES;
				ENABLE_TESTABILITY = YES;
				GCC_C_LANGUAGE_STANDARD = gnu99;
				GCC_DYNAMIC_NO_PIC = NO;
				GCC_NO_COMMON_BLOCKS = YES;
				GCC_OPTIMIZATION_LEVEL = 0;
				GCC_PREPROCESSOR_DEFINITIONS = (
					"DEBUG=1",
					"$(inherited)",
				);
				GCC_WARN_64_TO_32_BIT_CONVERSION = YES;
				GCC_WARN_ABOUT_RETURN_TYPE = YES_ERROR;
				GCC_WARN_UNDECLARED_SELECTOR = YES;
				GCC_WARN_UNINITIALIZED_AUTOS = YES_AGGRESSIVE;
				GCC_WARN_UNUSED_FUNCTION = YES;
				GCC_WARN_UNUSED_VARIABLE = YES;
				IPHONEOS_DEPLOYMENT_TARGET = 10.3;
				MTL_ENABLE_DEBUG_INFO = YES;
				ONLY_ACTIVE_ARCH = YES;
				SDKROOT = iphoneos;
				SWIFT_ACTIVE_COMPILATION_CONDITIONS = DEBUG;
				SWIFT_OPTIMIZATION_LEVEL = "-Onone";
			};
			name = Debug;
		};
		3B14C6DF1F5E48C000B52C8F /* Release */ = {
			isa = XCBuildConfiguration;
			buildSettings = {
				ALWAYS_SEARCH_USER_PATHS = NO;
				CLANG_ANALYZER_NONNULL = YES;
				CLANG_ANALYZER_NUMBER_OBJECT_CONVERSION = YES_AGGRESSIVE;
				CLANG_CXX_LANGUAGE_STANDARD = "gnu++0x";
				CLANG_CXX_LIBRARY = "libc++";
				CLANG_ENABLE_MODULES = YES;
				CLANG_ENABLE_OBJC_ARC = YES;
				CLANG_WARN_BOOL_CONVERSION = YES;
				CLANG_WARN_CONSTANT_CONVERSION = YES;
				CLANG_WARN_DIRECT_OBJC_ISA_USAGE = YES_ERROR;
				CLANG_WARN_DOCUMENTATION_COMMENTS = YES;
				CLANG_WARN_EMPTY_BODY = YES;
				CLANG_WARN_ENUM_CONVERSION = YES;
				CLANG_WARN_INFINITE_RECURSION = YES;
				CLANG_WARN_INT_CONVERSION = YES;
				CLANG_WARN_OBJC_ROOT_CLASS = YES_ERROR;
				CLANG_WARN_SUSPICIOUS_MOVE = YES;
				CLANG_WARN_UNREACHABLE_CODE = YES;
				CLANG_WARN__DUPLICATE_METHOD_MATCH = YES;
				"CODE_SIGN_IDENTITY[sdk=iphoneos*]" = "iPhone Developer";
				COPY_PHASE_STRIP = NO;
				DEBUG_INFORMATION_FORMAT = "dwarf-with-dsym";
				ENABLE_NS_ASSERTIONS = NO;
				ENABLE_STRICT_OBJC_MSGSEND = YES;
				GCC_C_LANGUAGE_STANDARD = gnu99;
				GCC_NO_COMMON_BLOCKS = YES;
				GCC_WARN_64_TO_32_BIT_CONVERSION = YES;
				GCC_WARN_ABOUT_RETURN_TYPE = YES_ERROR;
				GCC_WARN_UNDECLARED_SELECTOR = YES;
				GCC_WARN_UNINITIALIZED_AUTOS = YES_AGGRESSIVE;
				GCC_WARN_UNUSED_FUNCTION = YES;
				GCC_WARN_UNUSED_VARIABLE = YES;
				IPHONEOS_DEPLOYMENT_TARGET = 10.3;
				MTL_ENABLE_DEBUG_INFO = NO;
				SDKROOT = iphoneos;
				SWIFT_OPTIMIZATION_LEVEL = "-Owholemodule";
				VALIDATE_PRODUCT = YES;
			};
			name = Release;
		};
		3B14C6E11F5E48C000B52C8F /* Debug */ = {
			isa = XCBuildConfiguration;
			baseConfigurationReference = 9A74F2ED14357DA0D456D6A5 /* Pods-EndlessWork.debug.xcconfig */;
			buildSettings = {
				ASSETCATALOG_COMPILER_APPICON_NAME = AppIcon;
				INFOPLIST_FILE = EndlessWork/Info.plist;
				IPHONEOS_DEPLOYMENT_TARGET = 8.0;
				LD_RUNPATH_SEARCH_PATHS = "$(inherited) @executable_path/Frameworks";
				PRODUCT_BUNDLE_IDENTIFIER = com.wangxun.EndlessWork;
				PRODUCT_NAME = "$(TARGET_NAME)";
				SWIFT_VERSION = 3.0;
			};
			name = Debug;
		};
		3B14C6E21F5E48C000B52C8F /* Release */ = {
			isa = XCBuildConfiguration;
			baseConfigurationReference = 6B8C3DB01AE16B1E2C83467C /* Pods-EndlessWork.release.xcconfig */;
			buildSettings = {
				ASSETCATALOG_COMPILER_APPICON_NAME = AppIcon;
				INFOPLIST_FILE = EndlessWork/Info.plist;
				IPHONEOS_DEPLOYMENT_TARGET = 8.0;
				LD_RUNPATH_SEARCH_PATHS = "$(inherited) @executable_path/Frameworks";
				PRODUCT_BUNDLE_IDENTIFIER = com.wangxun.EndlessWork;
				PRODUCT_NAME = "$(TARGET_NAME)";
				SWIFT_VERSION = 3.0;
			};
			name = Release;
		};
/* End XCBuildConfiguration section */

/* Begin XCConfigurationList section */
		3B14C6C91F5E48C000B52C8F /* Build configuration list for PBXProject "EndlessWork" */ = {
			isa = XCConfigurationList;
			buildConfigurations = (
				3B14C6DE1F5E48C000B52C8F /* Debug */,
				3B14C6DF1F5E48C000B52C8F /* Release */,
			);
			defaultConfigurationIsVisible = 0;
			defaultConfigurationName = Release;
		};
		3B14C6E01F5E48C000B52C8F /* Build configuration list for PBXNativeTarget "EndlessWork" */ = {
			isa = XCConfigurationList;
			buildConfigurations = (
				3B14C6E11F5E48C000B52C8F /* Debug */,
				3B14C6E21F5E48C000B52C8F /* Release */,
			);
			defaultConfigurationIsVisible = 0;
			defaultConfigurationName = Release;
		};
/* End XCConfigurationList section */
	};
	rootObject = 3B14C6C61F5E48C000B52C8F /* Project object */;
}
