// !$*UTF8*$!
{
	archiveVersion = 1;
	classes = {
	};
	objectVersion = 46;
	objects = {

/* Begin PBXBuildFile section */
		37452530FBBEED20975747E7 /* Pods_EndlessWork.framework in Frameworks */ = {isa = PBXBuildFile; fileRef = F092EEC51983D7F9A5083E2E /* Pods_EndlessWork.framework */; };
		3B8A6EC81FF08F8300BE48D7 /* AppDelegate.swift in Sources */ = {isa = PBXBuildFile; fileRef = 3B8A6EC71FF08F8300BE48D7 /* AppDelegate.swift */; };
		3B8A6ECA1FF08F8300BE48D7 /* ViewController.swift in Sources */ = {isa = PBXBuildFile; fileRef = 3B8A6EC91FF08F8300BE48D7 /* ViewController.swift */; };
		3B8A6ECD1FF08F8300BE48D7 /* Main.storyboard in Resources */ = {isa = PBXBuildFile; fileRef = 3B8A6ECB1FF08F8300BE48D7 /* Main.storyboard */; };
		3B8A6ECF1FF08F8300BE48D7 /* Assets.xcassets in Resources */ = {isa = PBXBuildFile; fileRef = 3B8A6ECE1FF08F8300BE48D7 /* Assets.xcassets */; };
		3B8A6ED21FF08F8300BE48D7 /* LaunchScreen.storyboard in Resources */ = {isa = PBXBuildFile; fileRef = 3B8A6ED01FF08F8300BE48D7 /* LaunchScreen.storyboard */; };
		3B8A6EE01FF08FB600BE48D7 /* EndlessWork.h in Headers */ = {isa = PBXBuildFile; fileRef = 3B8A6EDE1FF08FB600BE48D7 /* EndlessWork.h */; settings = {ATTRIBUTES = (Public, ); }; };
		3B8A6EE31FF08FB600BE48D7 /* EndlessWork.framework in Frameworks */ = {isa = PBXBuildFile; fileRef = 3B8A6EDC1FF08FB600BE48D7 /* EndlessWork.framework */; };
		3B8A6EE41FF08FB600BE48D7 /* EndlessWork.framework in Embed Frameworks */ = {isa = PBXBuildFile; fileRef = 3B8A6EDC1FF08FB600BE48D7 /* EndlessWork.framework */; settings = {ATTRIBUTES = (CodeSignOnCopy, RemoveHeadersOnCopy, ); }; };
/* End PBXBuildFile section */

/* Begin PBXContainerItemProxy section */
		3B8A6EE11FF08FB600BE48D7 /* PBXContainerItemProxy */ = {
			isa = PBXContainerItemProxy;
			containerPortal = 3B14C6C61F5E48C000B52C8F /* Project object */;
			proxyType = 1;
			remoteGlobalIDString = 3B8A6EDB1FF08FB600BE48D7;
			remoteInfo = EndlessWork;
		};
/* End PBXContainerItemProxy section */

/* Begin PBXCopyFilesBuildPhase section */
		3B8A6EE81FF08FB600BE48D7 /* Embed Frameworks */ = {
			isa = PBXCopyFilesBuildPhase;
			buildActionMask = 2147483647;
			dstPath = "";
			dstSubfolderSpec = 10;
			files = (
				3B8A6EE41FF08FB600BE48D7 /* EndlessWork.framework in Embed Frameworks */,
			);
			name = "Embed Frameworks";
			runOnlyForDeploymentPostprocessing = 0;
		};
/* End PBXCopyFilesBuildPhase section */

/* Begin PBXFileReference section */
		3B8A6EC51FF08F8200BE48D7 /* EndlessWorkDemo.app */ = {isa = PBXFileReference; explicitFileType = wrapper.application; includeInIndex = 0; path = EndlessWorkDemo.app; sourceTree = BUILT_PRODUCTS_DIR; };
		3B8A6EC71FF08F8300BE48D7 /* AppDelegate.swift */ = {isa = PBXFileReference; lastKnownFileType = sourcecode.swift; path = AppDelegate.swift; sourceTree = "<group>"; };
		3B8A6EC91FF08F8300BE48D7 /* ViewController.swift */ = {isa = PBXFileReference; lastKnownFileType = sourcecode.swift; path = ViewController.swift; sourceTree = "<group>"; };
		3B8A6ECC1FF08F8300BE48D7 /* Base */ = {isa = PBXFileReference; lastKnownFileType = file.storyboard; name = Base; path = Base.lproj/Main.storyboard; sourceTree = "<group>"; };
		3B8A6ECE1FF08F8300BE48D7 /* Assets.xcassets */ = {isa = PBXFileReference; lastKnownFileType = folder.assetcatalog; path = Assets.xcassets; sourceTree = "<group>"; };
		3B8A6ED11FF08F8300BE48D7 /* Base */ = {isa = PBXFileReference; lastKnownFileType = file.storyboard; name = Base; path = Base.lproj/LaunchScreen.storyboard; sourceTree = "<group>"; };
		3B8A6ED31FF08F8300BE48D7 /* Info.plist */ = {isa = PBXFileReference; lastKnownFileType = text.plist.xml; path = Info.plist; sourceTree = "<group>"; };
		3B8A6EDC1FF08FB600BE48D7 /* EndlessWork.framework */ = {isa = PBXFileReference; explicitFileType = wrapper.framework; includeInIndex = 0; path = EndlessWork.framework; sourceTree = BUILT_PRODUCTS_DIR; };
		3B8A6EDE1FF08FB600BE48D7 /* EndlessWork.h */ = {isa = PBXFileReference; lastKnownFileType = sourcecode.c.h; path = EndlessWork.h; sourceTree = "<group>"; };
		3B8A6EDF1FF08FB600BE48D7 /* Info.plist */ = {isa = PBXFileReference; lastKnownFileType = text.plist.xml; path = Info.plist; sourceTree = "<group>"; };
		6B8C3DB01AE16B1E2C83467C /* Pods-EndlessWork.release.xcconfig */ = {isa = PBXFileReference; includeInIndex = 1; lastKnownFileType = text.xcconfig; name = "Pods-EndlessWork.release.xcconfig"; path = "Pods/Target Support Files/Pods-EndlessWork/Pods-EndlessWork.release.xcconfig"; sourceTree = "<group>"; };
		9A74F2ED14357DA0D456D6A5 /* Pods-EndlessWork.debug.xcconfig */ = {isa = PBXFileReference; includeInIndex = 1; lastKnownFileType = text.xcconfig; name = "Pods-EndlessWork.debug.xcconfig"; path = "Pods/Target Support Files/Pods-EndlessWork/Pods-EndlessWork.debug.xcconfig"; sourceTree = "<group>"; };
		F092EEC51983D7F9A5083E2E /* Pods_EndlessWork.framework */ = {isa = PBXFileReference; explicitFileType = wrapper.framework; includeInIndex = 0; path = Pods_EndlessWork.framework; sourceTree = BUILT_PRODUCTS_DIR; };
/* End PBXFileReference section */

/* Begin PBXFrameworksBuildPhase section */
		3B8A6EC21FF08F8200BE48D7 /* Frameworks */ = {
			isa = PBXFrameworksBuildPhase;
			buildActionMask = 2147483647;
			files = (
				3B8A6EE31FF08FB600BE48D7 /* EndlessWork.framework in Frameworks */,
			);
			runOnlyForDeploymentPostprocessing = 0;
		};
		3B8A6ED81FF08FB600BE48D7 /* Frameworks */ = {
			isa = PBXFrameworksBuildPhase;
			buildActionMask = 2147483647;
			files = (
				37452530FBBEED20975747E7 /* Pods_EndlessWork.framework in Frameworks */,
			);
			runOnlyForDeploymentPostprocessing = 0;
		};
/* End PBXFrameworksBuildPhase section */

/* Begin PBXGroup section */
		3B14C6C51F5E48C000B52C8F = {
			isa = PBXGroup;
			children = (
				3B8A6EDD1FF08FB600BE48D7 /* EndlessWork */,
				3B8A6EC61FF08F8300BE48D7 /* EndlessWorkDemo */,
				3B14C6CF1F5E48C000B52C8F /* Products */,
				C892D74D2B4C806A81ED1D73 /* Pods */,
				F1BE054E8903AC104EBBA4A0 /* Frameworks */,
			);
			sourceTree = "<group>";
		};
		3B14C6CF1F5E48C000B52C8F /* Products */ = {
			isa = PBXGroup;
			children = (
				3B8A6EC51FF08F8200BE48D7 /* EndlessWorkDemo.app */,
				3B8A6EDC1FF08FB600BE48D7 /* EndlessWork.framework */,
			);
			name = Products;
			sourceTree = "<group>";
		};
		3B8A6EC61FF08F8300BE48D7 /* EndlessWorkDemo */ = {
			isa = PBXGroup;
			children = (
				3B8A6EC71FF08F8300BE48D7 /* AppDelegate.swift */,
				3B8A6EC91FF08F8300BE48D7 /* ViewController.swift */,
				3B8A6ECB1FF08F8300BE48D7 /* Main.storyboard */,
				3B8A6ECE1FF08F8300BE48D7 /* Assets.xcassets */,
				3B8A6ED01FF08F8300BE48D7 /* LaunchScreen.storyboard */,
				3B8A6ED31FF08F8300BE48D7 /* Info.plist */,
			);
			path = EndlessWorkDemo;
			sourceTree = "<group>";
		};
		3B8A6EDD1FF08FB600BE48D7 /* EndlessWork */ = {
			isa = PBXGroup;
			children = (
				3B8A6EDE1FF08FB600BE48D7 /* EndlessWork.h */,
				3B8A6EDF1FF08FB600BE48D7 /* Info.plist */,
			);
			path = EndlessWork;
			sourceTree = "<group>";
		};
		C892D74D2B4C806A81ED1D73 /* Pods */ = {
			isa = PBXGroup;
			children = (
				9A74F2ED14357DA0D456D6A5 /* Pods-EndlessWork.debug.xcconfig */,
				6B8C3DB01AE16B1E2C83467C /* Pods-EndlessWork.release.xcconfig */,
			);
			name = Pods;
			sourceTree = "<group>";
		};
		F1BE054E8903AC104EBBA4A0 /* Frameworks */ = {
			isa = PBXGroup;
			children = (
				F092EEC51983D7F9A5083E2E /* Pods_EndlessWork.framework */,
			);
			name = Frameworks;
			sourceTree = "<group>";
		};
/* End PBXGroup section */

/* Begin PBXHeadersBuildPhase section */
		3B8A6ED91FF08FB600BE48D7 /* Headers */ = {
			isa = PBXHeadersBuildPhase;
			buildActionMask = 2147483647;
			files = (
				3B8A6EE01FF08FB600BE48D7 /* EndlessWork.h in Headers */,
			);
			runOnlyForDeploymentPostprocessing = 0;
		};
/* End PBXHeadersBuildPhase section */

/* Begin PBXNativeTarget section */
		3B8A6EC41FF08F8200BE48D7 /* EndlessWorkDemo */ = {
			isa = PBXNativeTarget;
			buildConfigurationList = 3B8A6ED61FF08F8300BE48D7 /* Build configuration list for PBXNativeTarget "EndlessWorkDemo" */;
			buildPhases = (
				3B8A6EC11FF08F8200BE48D7 /* Sources */,
				3B8A6EC21FF08F8200BE48D7 /* Frameworks */,
				3B8A6EC31FF08F8200BE48D7 /* Resources */,
				3B8A6EE81FF08FB600BE48D7 /* Embed Frameworks */,
			);
			buildRules = (
			);
			dependencies = (
				3B8A6EE21FF08FB600BE48D7 /* PBXTargetDependency */,
			);
			name = EndlessWorkDemo;
			productName = EndlessWorkDemo;
			productReference = 3B8A6EC51FF08F8200BE48D7 /* EndlessWorkDemo.app */;
			productType = "com.apple.product-type.application";
		};
		3B8A6EDB1FF08FB600BE48D7 /* EndlessWork */ = {
			isa = PBXNativeTarget;
			buildConfigurationList = 3B8A6EE51FF08FB600BE48D7 /* Build configuration list for PBXNativeTarget "EndlessWork" */;
			buildPhases = (
				E6BF293B31ECB64FB38E1FC5 /* [CP] Check Pods Manifest.lock */,
				3B8A6ED71FF08FB600BE48D7 /* Sources */,
				3B8A6ED81FF08FB600BE48D7 /* Frameworks */,
				3B8A6ED91FF08FB600BE48D7 /* Headers */,
				3B8A6EDA1FF08FB600BE48D7 /* Resources */,
				A14C1E8679DD26513111FC1E /* [CP] Copy Pods Resources */,
			);
			buildRules = (
			);
			dependencies = (
			);
			name = EndlessWork;
			productName = EndlessWork;
			productReference = 3B8A6EDC1FF08FB600BE48D7 /* EndlessWork.framework */;
			productType = "com.apple.product-type.framework";
		};
/* End PBXNativeTarget section */

/* Begin PBXProject section */
		3B14C6C61F5E48C000B52C8F /* Project object */ = {
			isa = PBXProject;
			attributes = {
				LastSwiftUpdateCheck = 0920;
				LastUpgradeCheck = 0830;
				ORGANIZATIONNAME = WangXun;
				TargetAttributes = {
					3B8A6EC41FF08F8200BE48D7 = {
						CreatedOnToolsVersion = 9.2;
						ProvisioningStyle = Automatic;
					};
					3B8A6EDB1FF08FB600BE48D7 = {
						CreatedOnToolsVersion = 9.2;
						ProvisioningStyle = Automatic;
					};
				};
			};
			buildConfigurationList = 3B14C6C91F5E48C000B52C8F /* Build configuration list for PBXProject "EndlessWork" */;
			compatibilityVersion = "Xcode 3.2";
			developmentRegion = English;
			hasScannedForEncodings = 0;
			knownRegions = (
				en,
				Base,
			);
			mainGroup = 3B14C6C51F5E48C000B52C8F;
			productRefGroup = 3B14C6CF1F5E48C000B52C8F /* Products */;
			projectDirPath = "";
			projectRoot = "";
			targets = (
				3B8A6EDB1FF08FB600BE48D7 /* EndlessWork */,
				3B8A6EC41FF08F8200BE48D7 /* EndlessWorkDemo */,
			);
		};
/* End PBXProject section */

/* Begin PBXResourcesBuildPhase section */
		3B8A6EC31FF08F8200BE48D7 /* Resources */ = {
			isa = PBXResourcesBuildPhase;
			buildActionMask = 2147483647;
			files = (
				3B8A6ED21FF08F8300BE48D7 /* LaunchScreen.storyboard in Resources */,
				3B8A6ECF1FF08F8300BE48D7 /* Assets.xcassets in Resources */,
				3B8A6ECD1FF08F8300BE48D7 /* Main.storyboard in Resources */,
			);
			runOnlyForDeploymentPostprocessing = 0;
		};
		3B8A6EDA1FF08FB600BE48D7 /* Resources */ = {
			isa = PBXResourcesBuildPhase;
			buildActionMask = 2147483647;
			files = (
			);
			runOnlyForDeploymentPostprocessing = 0;
		};
/* End PBXResourcesBuildPhase section */

/* Begin PBXShellScriptBuildPhase section */
		A14C1E8679DD26513111FC1E /* [CP] Copy Pods Resources */ = {
			isa = PBXShellScriptBuildPhase;
			buildActionMask = 2147483647;
			files = (
			);
			inputPaths = (
			);
			name = "[CP] Copy Pods Resources";
			outputPaths = (
			);
			runOnlyForDeploymentPostprocessing = 0;
			shellPath = /bin/sh;
			shellScript = "\"${SRCROOT}/Pods/Target Support Files/Pods-EndlessWork/Pods-EndlessWork-resources.sh\"\n";
			showEnvVarsInLog = 0;
		};
		E6BF293B31ECB64FB38E1FC5 /* [CP] Check Pods Manifest.lock */ = {
			isa = PBXShellScriptBuildPhase;
			buildActionMask = 2147483647;
			files = (
			);
			inputPaths = (
				"${PODS_PODFILE_DIR_PATH}/Podfile.lock",
				"${PODS_ROOT}/Manifest.lock",
			);
			name = "[CP] Check Pods Manifest.lock";
			outputPaths = (
				"$(DERIVED_FILE_DIR)/Pods-EndlessWork-checkManifestLockResult.txt",
			);
			runOnlyForDeploymentPostprocessing = 0;
			shellPath = /bin/sh;
			shellScript = "diff \"${PODS_PODFILE_DIR_PATH}/Podfile.lock\" \"${PODS_ROOT}/Manifest.lock\" > /dev/null\nif [ $? != 0 ] ; then\n    # print error to STDERR\n    echo \"error: The sandbox is not in sync with the Podfile.lock. Run 'pod install' or update your CocoaPods installation.\" >&2\n    exit 1\nfi\n# This output is used by Xcode 'outputs' to avoid re-running this script phase.\necho \"SUCCESS\" > \"${SCRIPT_OUTPUT_FILE_0}\"\n";
			showEnvVarsInLog = 0;
		};
/* End PBXShellScriptBuildPhase section */

/* Begin PBXSourcesBuildPhase section */
		3B8A6EC11FF08F8200BE48D7 /* Sources */ = {
			isa = PBXSourcesBuildPhase;
			buildActionMask = 2147483647;
			files = (
				3B8A6ECA1FF08F8300BE48D7 /* ViewController.swift in Sources */,
				3B8A6EC81FF08F8300BE48D7 /* AppDelegate.swift in Sources */,
			);
			runOnlyForDeploymentPostprocessing = 0;
		};
		3B8A6ED71FF08FB600BE48D7 /* Sources */ = {
			isa = PBXSourcesBuildPhase;
			buildActionMask = 2147483647;
			files = (
			);
			runOnlyForDeploymentPostprocessing = 0;
		};
/* End PBXSourcesBuildPhase section */

/* Begin PBXTargetDependency section */
		3B8A6EE21FF08FB600BE48D7 /* PBXTargetDependency */ = {
			isa = PBXTargetDependency;
			target = 3B8A6EDB1FF08FB600BE48D7 /* EndlessWork */;
			targetProxy = 3B8A6EE11FF08FB600BE48D7 /* PBXContainerItemProxy */;
		};
/* End PBXTargetDependency section */

/* Begin PBXVariantGroup section */
		3B8A6ECB1FF08F8300BE48D7 /* Main.storyboard */ = {
			isa = PBXVariantGroup;
			children = (
				3B8A6ECC1FF08F8300BE48D7 /* Base */,
			);
			name = Main.storyboard;
			sourceTree = "<group>";
		};
		3B8A6ED01FF08F8300BE48D7 /* LaunchScreen.storyboard */ = {
			isa = PBXVariantGroup;
			children = (
				3B8A6ED11FF08F8300BE48D7 /* Base */,
			);
			name = LaunchScreen.storyboard;
			sourceTree = "<group>";
		};
/* End PBXVariantGroup section */

/* Begin XCBuildConfiguration section */
		3B14C6DE1F5E48C000B52C8F /* Debug */ = {
			isa = XCBuildConfiguration;
			buildSettings = {
				ALWAYS_SEARCH_USER_PATHS = NO;
				CLANG_ANALYZER_NONNULL = YES;
				CLANG_ANALYZER_NUMBER_OBJECT_CONVERSION = YES_AGGRESSIVE;
				CLANG_CXX_LANGUAGE_STANDARD = "gnu++0x";
				CLANG_CXX_LIBRARY = "libc++";
				CLANG_ENABLE_MODULES = YES;
				CLANG_ENABLE_OBJC_ARC = YES;
				CLANG_WARN_BOOL_CONVERSION = YES;
				CLANG_WARN_CONSTANT_CONVERSION = YES;
				CLANG_WARN_DIRECT_OBJC_ISA_USAGE = YES_ERROR;
				CLANG_WARN_DOCUMENTATION_COMMENTS = YES;
				CLANG_WARN_EMPTY_BODY = YES;
				CLANG_WARN_ENUM_CONVERSION = YES;
				CLANG_WARN_INFINITE_RECURSION = YES;
				CLANG_WARN_INT_CONVERSION = YES;
				CLANG_WARN_OBJC_ROOT_CLASS = YES_ERROR;
				CLANG_WARN_SUSPICIOUS_MOVE = YES;
				CLANG_WARN_UNREACHABLE_CODE = YES;
				CLANG_WARN__DUPLICATE_METHOD_MATCH = YES;
				"CODE_SIGN_IDENTITY[sdk=iphoneos*]" = "iPhone Developer";
				COPY_PHASE_STRIP = NO;
				DEBUG_INFORMATION_FORMAT = dwarf;
				ENABLE_STRICT_OBJC_MSGSEND = YES;
				ENABLE_TESTABILITY = YES;
				GCC_C_LANGUAGE_STANDARD = gnu99;
				GCC_DYNAMIC_NO_PIC = NO;
				GCC_NO_COMMON_BLOCKS = YES;
				GCC_OPTIMIZATION_LEVEL = 0;
				GCC_PREPROCESSOR_DEFINITIONS = (
					"DEBUG=1",
					"$(inherited)",
				);
				GCC_WARN_64_TO_32_BIT_CONVERSION = YES;
				GCC_WARN_ABOUT_RETURN_TYPE = YES_ERROR;
				GCC_WARN_UNDECLARED_SELECTOR = YES;
				GCC_WARN_UNINITIALIZED_AUTOS = YES_AGGRESSIVE;
				GCC_WARN_UNUSED_FUNCTION = YES;
				GCC_WARN_UNUSED_VARIABLE = YES;
				IPHONEOS_DEPLOYMENT_TARGET = 10.3;
				MTL_ENABLE_DEBUG_INFO = YES;
				ONLY_ACTIVE_ARCH = YES;
				SDKROOT = iphoneos;
				SWIFT_ACTIVE_COMPILATION_CONDITIONS = DEBUG;
				SWIFT_OPTIMIZATION_LEVEL = "-Onone";
			};
			name = Debug;
		};
		3B14C6DF1F5E48C000B52C8F /* Release */ = {
			isa = XCBuildConfiguration;
			buildSettings = {
				ALWAYS_SEARCH_USER_PATHS = NO;
				CLANG_ANALYZER_NONNULL = YES;
				CLANG_ANALYZER_NUMBER_OBJECT_CONVERSION = YES_AGGRESSIVE;
				CLANG_CXX_LANGUAGE_STANDARD = "gnu++0x";
				CLANG_CXX_LIBRARY = "libc++";
				CLANG_ENABLE_MODULES = YES;
				CLANG_ENABLE_OBJC_ARC = YES;
				CLANG_WARN_BOOL_CONVERSION = YES;
				CLANG_WARN_CONSTANT_CONVERSION = YES;
				CLANG_WARN_DIRECT_OBJC_ISA_USAGE = YES_ERROR;
				CLANG_WARN_DOCUMENTATION_COMMENTS = YES;
				CLANG_WARN_EMPTY_BODY = YES;
				CLANG_WARN_ENUM_CONVERSION = YES;
				CLANG_WARN_INFINITE_RECURSION = YES;
				CLANG_WARN_INT_CONVERSION = YES;
				CLANG_WARN_OBJC_ROOT_CLASS = YES_ERROR;
				CLANG_WARN_SUSPICIOUS_MOVE = YES;
				CLANG_WARN_UNREACHABLE_CODE = YES;
				CLANG_WARN__DUPLICATE_METHOD_MATCH = YES;
				"CODE_SIGN_IDENTITY[sdk=iphoneos*]" = "iPhone Developer";
				COPY_PHASE_STRIP = NO;
				DEBUG_INFORMATION_FORMAT = "dwarf-with-dsym";
				ENABLE_NS_ASSERTIONS = NO;
				ENABLE_STRICT_OBJC_MSGSEND = YES;
				GCC_C_LANGUAGE_STANDARD = gnu99;
				GCC_NO_COMMON_BLOCKS = YES;
				GCC_WARN_64_TO_32_BIT_CONVERSION = YES;
				GCC_WARN_ABOUT_RETURN_TYPE = YES_ERROR;
				GCC_WARN_UNDECLARED_SELECTOR = YES;
				GCC_WARN_UNINITIALIZED_AUTOS = YES_AGGRESSIVE;
				GCC_WARN_UNUSED_FUNCTION = YES;
				GCC_WARN_UNUSED_VARIABLE = YES;
				IPHONEOS_DEPLOYMENT_TARGET = 10.3;
				MTL_ENABLE_DEBUG_INFO = NO;
				SDKROOT = iphoneos;
				SWIFT_OPTIMIZATION_LEVEL = "-Owholemodule";
				VALIDATE_PRODUCT = YES;
			};
			name = Release;
		};
		3B8A6ED41FF08F8300BE48D7 /* Debug */ = {
			isa = XCBuildConfiguration;
			buildSettings = {
				ASSETCATALOG_COMPILER_APPICON_NAME = AppIcon;
				CLANG_CXX_LANGUAGE_STANDARD = "gnu++14";
				CLANG_WARN_BLOCK_CAPTURE_AUTORELEASING = YES;
				CLANG_WARN_COMMA = YES;
				CLANG_WARN_NON_LITERAL_NULL_CONVERSION = YES;
				CLANG_WARN_OBJC_LITERAL_CONVERSION = YES;
				CLANG_WARN_RANGE_LOOP_ANALYSIS = YES;
				CLANG_WARN_STRICT_PROTOTYPES = YES;
				CLANG_WARN_UNGUARDED_AVAILABILITY = YES_AGGRESSIVE;
				CODE_SIGN_IDENTITY = "iPhone Developer";
				CODE_SIGN_STYLE = Automatic;
				GCC_C_LANGUAGE_STANDARD = gnu11;
				INFOPLIST_FILE = EndlessWorkDemo/Info.plist;
				IPHONEOS_DEPLOYMENT_TARGET = 11.2;
				LD_RUNPATH_SEARCH_PATHS = "$(inherited) @executable_path/Frameworks";
				PRODUCT_BUNDLE_IDENTIFIER = com.wangxun.EndlessWorkDemo;
				PRODUCT_NAME = "$(TARGET_NAME)";
				SWIFT_VERSION = 4.0;
				TARGETED_DEVICE_FAMILY = "1,2";
			};
			name = Debug;
		};
		3B8A6ED51FF08F8300BE48D7 /* Release */ = {
			isa = XCBuildConfiguration;
			buildSettings = {
				ASSETCATALOG_COMPILER_APPICON_NAME = AppIcon;
				CLANG_CXX_LANGUAGE_STANDARD = "gnu++14";
				CLANG_WARN_BLOCK_CAPTURE_AUTORELEASING = YES;
				CLANG_WARN_COMMA = YES;
				CLANG_WARN_NON_LITERAL_NULL_CONVERSION = YES;
				CLANG_WARN_OBJC_LITERAL_CONVERSION = YES;
				CLANG_WARN_RANGE_LOOP_ANALYSIS = YES;
				CLANG_WARN_STRICT_PROTOTYPES = YES;
				CLANG_WARN_UNGUARDED_AVAILABILITY = YES_AGGRESSIVE;
				CODE_SIGN_IDENTITY = "iPhone Developer";
				CODE_SIGN_STYLE = Automatic;
				GCC_C_LANGUAGE_STANDARD = gnu11;
				INFOPLIST_FILE = EndlessWorkDemo/Info.plist;
				IPHONEOS_DEPLOYMENT_TARGET = 11.2;
				LD_RUNPATH_SEARCH_PATHS = "$(inherited) @executable_path/Frameworks";
				PRODUCT_BUNDLE_IDENTIFIER = com.wangxun.EndlessWorkDemo;
				PRODUCT_NAME = "$(TARGET_NAME)";
				SWIFT_VERSION = 4.0;
				TARGETED_DEVICE_FAMILY = "1,2";
			};
			name = Release;
		};
		3B8A6EE61FF08FB600BE48D7 /* Debug */ = {
			isa = XCBuildConfiguration;
			baseConfigurationReference = 9A74F2ED14357DA0D456D6A5 /* Pods-EndlessWork.debug.xcconfig */;
			buildSettings = {
				CLANG_CXX_LANGUAGE_STANDARD = "gnu++14";
				CLANG_WARN_BLOCK_CAPTURE_AUTORELEASING = YES;
				CLANG_WARN_COMMA = YES;
				CLANG_WARN_NON_LITERAL_NULL_CONVERSION = YES;
				CLANG_WARN_OBJC_LITERAL_CONVERSION = YES;
				CLANG_WARN_RANGE_LOOP_ANALYSIS = YES;
				CLANG_WARN_STRICT_PROTOTYPES = YES;
				CLANG_WARN_UNGUARDED_AVAILABILITY = YES_AGGRESSIVE;
				CODE_SIGN_IDENTITY = "iPhone Developer";
				CODE_SIGN_STYLE = Automatic;
				CURRENT_PROJECT_VERSION = 1;
				DEFINES_MODULE = YES;
				DYLIB_COMPATIBILITY_VERSION = 1;
				DYLIB_CURRENT_VERSION = 1;
				DYLIB_INSTALL_NAME_BASE = "@rpath";
				GCC_C_LANGUAGE_STANDARD = gnu11;
				INFOPLIST_FILE = EndlessWork/Info.plist;
				INSTALL_PATH = "$(LOCAL_LIBRARY_DIR)/Frameworks";
				IPHONEOS_DEPLOYMENT_TARGET = 11.2;
				LD_RUNPATH_SEARCH_PATHS = "$(inherited) @executable_path/Frameworks @loader_path/Frameworks";
				PRODUCT_BUNDLE_IDENTIFIER = com.wangxun.EndlessWork;
				PRODUCT_NAME = "$(TARGET_NAME:c99extidentifier)";
				SKIP_INSTALL = YES;
				SWIFT_VERSION = 4.0;
				TARGETED_DEVICE_FAMILY = "1,2";
				VERSIONING_SYSTEM = "apple-generic";
				VERSION_INFO_PREFIX = "";
			};
			name = Debug;
		};
		3B8A6EE71FF08FB600BE48D7 /* Release */ = {
			isa = XCBuildConfiguration;
			baseConfigurationReference = 6B8C3DB01AE16B1E2C83467C /* Pods-EndlessWork.release.xcconfig */;
			buildSettings = {
				CLANG_CXX_LANGUAGE_STANDARD = "gnu++14";
				CLANG_WARN_BLOCK_CAPTURE_AUTORELEASING = YES;
				CLANG_WARN_COMMA = YES;
				CLANG_WARN_NON_LITERAL_NULL_CONVERSION = YES;
				CLANG_WARN_OBJC_LITERAL_CONVERSION = YES;
				CLANG_WARN_RANGE_LOOP_ANALYSIS = YES;
				CLANG_WARN_STRICT_PROTOTYPES = YES;
				CLANG_WARN_UNGUARDED_AVAILABILITY = YES_AGGRESSIVE;
				CODE_SIGN_IDENTITY = "iPhone Developer";
				CODE_SIGN_STYLE = Automatic;
				CURRENT_PROJECT_VERSION = 1;
				DEFINES_MODULE = YES;
				DYLIB_COMPATIBILITY_VERSION = 1;
				DYLIB_CURRENT_VERSION = 1;
				DYLIB_INSTALL_NAME_BASE = "@rpath";
				GCC_C_LANGUAGE_STANDARD = gnu11;
				INFOPLIST_FILE = EndlessWork/Info.plist;
				INSTALL_PATH = "$(LOCAL_LIBRARY_DIR)/Frameworks";
				IPHONEOS_DEPLOYMENT_TARGET = 11.2;
				LD_RUNPATH_SEARCH_PATHS = "$(inherited) @executable_path/Frameworks @loader_path/Frameworks";
				PRODUCT_BUNDLE_IDENTIFIER = com.wangxun.EndlessWork;
				PRODUCT_NAME = "$(TARGET_NAME:c99extidentifier)";
				SKIP_INSTALL = YES;
				SWIFT_VERSION = 4.0;
				TARGETED_DEVICE_FAMILY = "1,2";
				VERSIONING_SYSTEM = "apple-generic";
				VERSION_INFO_PREFIX = "";
			};
			name = Release;
		};
/* End XCBuildConfiguration section */

/* Begin XCConfigurationList section */
		3B14C6C91F5E48C000B52C8F /* Build configuration list for PBXProject "EndlessWork" */ = {
			isa = XCConfigurationList;
			buildConfigurations = (
				3B14C6DE1F5E48C000B52C8F /* Debug */,
				3B14C6DF1F5E48C000B52C8F /* Release */,
			);
			defaultConfigurationIsVisible = 0;
			defaultConfigurationName = Release;
		};
		3B8A6ED61FF08F8300BE48D7 /* Build configuration list for PBXNativeTarget "EndlessWorkDemo" */ = {
			isa = XCConfigurationList;
			buildConfigurations = (
				3B8A6ED41FF08F8300BE48D7 /* Debug */,
				3B8A6ED51FF08F8300BE48D7 /* Release */,
			);
			defaultConfigurationIsVisible = 0;
			defaultConfigurationName = Release;
		};
		3B8A6EE51FF08FB600BE48D7 /* Build configuration list for PBXNativeTarget "EndlessWork" */ = {
			isa = XCConfigurationList;
			buildConfigurations = (
				3B8A6EE61FF08FB600BE48D7 /* Debug */,
				3B8A6EE71FF08FB600BE48D7 /* Release */,
			);
			defaultConfigurationIsVisible = 0;
			defaultConfigurationName = Release;
		};
/* End XCConfigurationList section */
	};
	rootObject = 3B14C6C61F5E48C000B52C8F /* Project object */;
}
